// !$*UTF8*$!
{
	archiveVersion = 1;
	classes = {
	};
	objectVersion = 55;
	objects = {

/* Begin PBXBuildFile section */
		0D3A01C527318B8100B2AECF /* MovieReviewManager.swift in Sources */ = {isa = PBXBuildFile; fileRef = 0D3A01C427318B8100B2AECF /* MovieReviewManager.swift */; };
		0D3A01C727318D0200B2AECF /* ImageLoader.swift in Sources */ = {isa = PBXBuildFile; fileRef = 0D3A01C627318D0200B2AECF /* ImageLoader.swift */; };
		0D3A01C927318D7200B2AECF /* ImageCache.swift in Sources */ = {isa = PBXBuildFile; fileRef = 0D3A01C827318D7200B2AECF /* ImageCache.swift */; };
		0D3A01CB2731954800B2AECF /* EnvironmentValues+ImageCache.swift in Sources */ = {isa = PBXBuildFile; fileRef = 0D3A01CA2731954700B2AECF /* EnvironmentValues+ImageCache.swift */; };
		0D3A01CD273195ED00B2AECF /* AsyncImage.swift in Sources */ = {isa = PBXBuildFile; fileRef = 0D3A01CC273195ED00B2AECF /* AsyncImage.swift */; };
		0DB09F592730BE050067831E /* MovieURL.swift in Sources */ = {isa = PBXBuildFile; fileRef = 0DB09F582730BE050067831E /* MovieURL.swift */; };
		0DB09F5B2730BF160067831E /* MovieDownloadManager.swift in Sources */ = {isa = PBXBuildFile; fileRef = 0DB09F5A2730BF160067831E /* MovieDownloadManager.swift */; };
		0DC9BC1E27286E0A00882624 /* Movie_TimeApp.swift in Sources */ = {isa = PBXBuildFile; fileRef = 0DC9BC1D27286E0A00882624 /* Movie_TimeApp.swift */; };
		0DC9BC2027286E0A00882624 /* ContentView.swift in Sources */ = {isa = PBXBuildFile; fileRef = 0DC9BC1F27286E0A00882624 /* ContentView.swift */; };
		0DC9BC2227286E1000882624 /* Assets.xcassets in Resources */ = {isa = PBXBuildFile; fileRef = 0DC9BC2127286E1000882624 /* Assets.xcassets */; };
		0DC9BC2527286E1000882624 /* Preview Assets.xcassets in Resources */ = {isa = PBXBuildFile; fileRef = 0DC9BC2427286E1000882624 /* Preview Assets.xcassets */; };
		0DC9BC3027286FAF00882624 /* HomeTableView.swift in Sources */ = {isa = PBXBuildFile; fileRef = 0DC9BC2F27286FAF00882624 /* HomeTableView.swift */; };
		0DC9BC32272875B300882624 /* SettingsView.swift in Sources */ = {isa = PBXBuildFile; fileRef = 0DC9BC31272875B300882624 /* SettingsView.swift */; };
		0DFC54BF2729043100881617 /* MoviesView.swift in Sources */ = {isa = PBXBuildFile; fileRef = 0DFC54BE2729043100881617 /* MoviesView.swift */; };
		0DFC54C12729044F00881617 /* DiscoverView.swift in Sources */ = {isa = PBXBuildFile; fileRef = 0DFC54C02729044F00881617 /* DiscoverView.swift */; };
		0DFC54C32729081E00881617 /* Movie.swift in Sources */ = {isa = PBXBuildFile; fileRef = 0DFC54C22729081E00881617 /* Movie.swift */; };
		0DFC54C527290D0300881617 /* Cast.swift in Sources */ = {isa = PBXBuildFile; fileRef = 0DFC54C427290D0300881617 /* Cast.swift */; };
		0DFC54C727290E0B00881617 /* Review.swift in Sources */ = {isa = PBXBuildFile; fileRef = 0DFC54C627290E0B00881617 /* Review.swift */; };
		0DFC54CA27290F7F00881617 /* Alamofire in Frameworks */ = {isa = PBXBuildFile; productRef = 0DFC54C927290F7F00881617 /* Alamofire */; };
		0DFC54CC27290FAC00881617 /* NetworkManager.swift in Sources */ = {isa = PBXBuildFile; fileRef = 0DFC54CB27290FAC00881617 /* NetworkManager.swift */; };
		0DFC54CE2729128D00881617 /* API.swift in Sources */ = {isa = PBXBuildFile; fileRef = 0DFC54CD2729128D00881617 /* API.swift */; };
/* End PBXBuildFile section */

/* Begin PBXFileReference section */
		0D3A01C427318B8100B2AECF /* MovieReviewManager.swift */ = {isa = PBXFileReference; lastKnownFileType = sourcecode.swift; path = MovieReviewManager.swift; sourceTree = "<group>"; };
		0D3A01C627318D0200B2AECF /* ImageLoader.swift */ = {isa = PBXFileReference; lastKnownFileType = sourcecode.swift; path = ImageLoader.swift; sourceTree = "<group>"; };
		0D3A01C827318D7200B2AECF /* ImageCache.swift */ = {isa = PBXFileReference; lastKnownFileType = sourcecode.swift; path = ImageCache.swift; sourceTree = "<group>"; };
		0D3A01CA2731954700B2AECF /* EnvironmentValues+ImageCache.swift */ = {isa = PBXFileReference; lastKnownFileType = sourcecode.swift; path = "EnvironmentValues+ImageCache.swift"; sourceTree = "<group>"; };
		0D3A01CC273195ED00B2AECF /* AsyncImage.swift */ = {isa = PBXFileReference; lastKnownFileType = sourcecode.swift; path = AsyncImage.swift; sourceTree = "<group>"; };
		0DB09F582730BE050067831E /* MovieURL.swift */ = {isa = PBXFileReference; lastKnownFileType = sourcecode.swift; path = MovieURL.swift; sourceTree = "<group>"; };
		0DB09F5A2730BF160067831E /* MovieDownloadManager.swift */ = {isa = PBXFileReference; lastKnownFileType = sourcecode.swift; path = MovieDownloadManager.swift; sourceTree = "<group>"; };
		0DC9BC1A27286E0A00882624 /* Movie Time.app */ = {isa = PBXFileReference; explicitFileType = wrapper.application; includeInIndex = 0; path = "Movie Time.app"; sourceTree = BUILT_PRODUCTS_DIR; };
		0DC9BC1D27286E0A00882624 /* Movie_TimeApp.swift */ = {isa = PBXFileReference; lastKnownFileType = sourcecode.swift; path = Movie_TimeApp.swift; sourceTree = "<group>"; };
		0DC9BC1F27286E0A00882624 /* ContentView.swift */ = {isa = PBXFileReference; lastKnownFileType = sourcecode.swift; path = ContentView.swift; sourceTree = "<group>"; };
		0DC9BC2127286E1000882624 /* Assets.xcassets */ = {isa = PBXFileReference; lastKnownFileType = folder.assetcatalog; path = Assets.xcassets; sourceTree = "<group>"; };
		0DC9BC2427286E1000882624 /* Preview Assets.xcassets */ = {isa = PBXFileReference; lastKnownFileType = folder.assetcatalog; path = "Preview Assets.xcassets"; sourceTree = "<group>"; };
		0DC9BC2F27286FAF00882624 /* HomeTableView.swift */ = {isa = PBXFileReference; lastKnownFileType = sourcecode.swift; path = HomeTableView.swift; sourceTree = "<group>"; };
		0DC9BC31272875B300882624 /* SettingsView.swift */ = {isa = PBXFileReference; lastKnownFileType = sourcecode.swift; path = SettingsView.swift; sourceTree = "<group>"; };
		0DFC54BE2729043100881617 /* MoviesView.swift */ = {isa = PBXFileReference; lastKnownFileType = sourcecode.swift; path = MoviesView.swift; sourceTree = "<group>"; };
		0DFC54C02729044F00881617 /* DiscoverView.swift */ = {isa = PBXFileReference; lastKnownFileType = sourcecode.swift; path = DiscoverView.swift; sourceTree = "<group>"; };
		0DFC54C22729081E00881617 /* Movie.swift */ = {isa = PBXFileReference; lastKnownFileType = sourcecode.swift; path = Movie.swift; sourceTree = "<group>"; };
		0DFC54C427290D0300881617 /* Cast.swift */ = {isa = PBXFileReference; lastKnownFileType = sourcecode.swift; path = Cast.swift; sourceTree = "<group>"; };
		0DFC54C627290E0B00881617 /* Review.swift */ = {isa = PBXFileReference; lastKnownFileType = sourcecode.swift; path = Review.swift; sourceTree = "<group>"; };
		0DFC54CB27290FAC00881617 /* NetworkManager.swift */ = {isa = PBXFileReference; lastKnownFileType = sourcecode.swift; path = NetworkManager.swift; sourceTree = "<group>"; };
		0DFC54CD2729128D00881617 /* API.swift */ = {isa = PBXFileReference; lastKnownFileType = sourcecode.swift; path = API.swift; sourceTree = "<group>"; };
/* End PBXFileReference section */

/* Begin PBXFrameworksBuildPhase section */
		0DC9BC1727286E0A00882624 /* Frameworks */ = {
			isa = PBXFrameworksBuildPhase;
			buildActionMask = 2147483647;
			files = (
				0DFC54CA27290F7F00881617 /* Alamofire in Frameworks */,
			);
			runOnlyForDeploymentPostprocessing = 0;
		};
/* End PBXFrameworksBuildPhase section */

/* Begin PBXGroup section */
		0DC9BC1127286E0900882624 = {
			isa = PBXGroup;
			children = (
				0DC9BC1C27286E0A00882624 /* Movie Time */,
				0DC9BC1B27286E0A00882624 /* Products */,
			);
			sourceTree = "<group>";
		};
		0DC9BC1B27286E0A00882624 /* Products */ = {
			isa = PBXGroup;
			children = (
				0DC9BC1A27286E0A00882624 /* Movie Time.app */,
			);
			name = Products;
			sourceTree = "<group>";
		};
		0DC9BC1C27286E0A00882624 /* Movie Time */ = {
			isa = PBXGroup;
			children = (
				0DC9BC2E27286F9700882624 /* Views */,
				0DC9BC2D27286F2300882624 /* Models */,
				0DC9BC2C27286F0700882624 /* Networking */,
				0DC9BC2B27286EED00882624 /* AsyncImage */,
				0DC9BC1D27286E0A00882624 /* Movie_TimeApp.swift */,
				0DC9BC1F27286E0A00882624 /* ContentView.swift */,
				0DC9BC2127286E1000882624 /* Assets.xcassets */,
				0DC9BC2327286E1000882624 /* Preview Content */,
			);
			path = "Movie Time";
			sourceTree = "<group>";
		};
		0DC9BC2327286E1000882624 /* Preview Content */ = {
			isa = PBXGroup;
			children = (
				0DC9BC2427286E1000882624 /* Preview Assets.xcassets */,
			);
			path = "Preview Content";
			sourceTree = "<group>";
		};
		0DC9BC2B27286EED00882624 /* AsyncImage */ = {
			isa = PBXGroup;
			children = (
				0D3A01C627318D0200B2AECF /* ImageLoader.swift */,
				0D3A01C827318D7200B2AECF /* ImageCache.swift */,
				0D3A01CA2731954700B2AECF /* EnvironmentValues+ImageCache.swift */,
				0D3A01CC273195ED00B2AECF /* AsyncImage.swift */,
			);
			path = AsyncImage;
			sourceTree = "<group>";
		};
		0DC9BC2C27286F0700882624 /* Networking */ = {
			isa = PBXGroup;
			children = (
				0DFC54CB27290FAC00881617 /* NetworkManager.swift */,
				0DFC54CD2729128D00881617 /* API.swift */,
				0DB09F582730BE050067831E /* MovieURL.swift */,
				0DB09F5A2730BF160067831E /* MovieDownloadManager.swift */,
				0D3A01C427318B8100B2AECF /* MovieReviewManager.swift */,
			);
			path = Networking;
			sourceTree = "<group>";
		};
		0DC9BC2D27286F2300882624 /* Models */ = {
			isa = PBXGroup;
			children = (
				0DFC54C22729081E00881617 /* Movie.swift */,
				0DFC54C427290D0300881617 /* Cast.swift */,
				0DFC54C627290E0B00881617 /* Review.swift */,
			);
			path = Models;
			sourceTree = "<group>";
		};
		0DC9BC2E27286F9700882624 /* Views */ = {
			isa = PBXGroup;
			children = (
				0DC9BC2F27286FAF00882624 /* HomeTableView.swift */,
				0DC9BC31272875B300882624 /* SettingsView.swift */,
				0DFC54BE2729043100881617 /* MoviesView.swift */,
				0DFC54C02729044F00881617 /* DiscoverView.swift */,
			);
			path = Views;
			sourceTree = "<group>";
		};
/* End PBXGroup section */

/* Begin PBXNativeTarget section */
		0DC9BC1927286E0A00882624 /* Movie Time */ = {
			isa = PBXNativeTarget;
			buildConfigurationList = 0DC9BC2827286E1000882624 /* Build configuration list for PBXNativeTarget "Movie Time" */;
			buildPhases = (
				0DC9BC1627286E0A00882624 /* Sources */,
				0DC9BC1727286E0A00882624 /* Frameworks */,
				0DC9BC1827286E0A00882624 /* Resources */,
			);
			buildRules = (
			);
			dependencies = (
			);
			name = "Movie Time";
			packageProductDependencies = (
				0DFC54C927290F7F00881617 /* Alamofire */,
			);
			productName = "Movie Time";
			productReference = 0DC9BC1A27286E0A00882624 /* Movie Time.app */;
			productType = "com.apple.product-type.application";
		};
/* End PBXNativeTarget section */

/* Begin PBXProject section */
		0DC9BC1227286E0900882624 /* Project object */ = {
			isa = PBXProject;
			attributes = {
				BuildIndependentTargetsInParallel = 1;
				LastSwiftUpdateCheck = 1300;
				LastUpgradeCheck = 1300;
				TargetAttributes = {
					0DC9BC1927286E0A00882624 = {
						CreatedOnToolsVersion = 13.0;
					};
				};
			};
			buildConfigurationList = 0DC9BC1527286E0900882624 /* Build configuration list for PBXProject "Movie Time" */;
			compatibilityVersion = "Xcode 13.0";
			developmentRegion = en;
			hasScannedForEncodings = 0;
			knownRegions = (
				en,
				Base,
			);
			mainGroup = 0DC9BC1127286E0900882624;
			packageReferences = (
				0DFC54C827290F7E00881617 /* XCRemoteSwiftPackageReference "Alamofire" */,
			);
			productRefGroup = 0DC9BC1B27286E0A00882624 /* Products */;
			projectDirPath = "";
			projectRoot = "";
			targets = (
				0DC9BC1927286E0A00882624 /* Movie Time */,
			);
		};
/* End PBXProject section */

/* Begin PBXResourcesBuildPhase section */
		0DC9BC1827286E0A00882624 /* Resources */ = {
			isa = PBXResourcesBuildPhase;
			buildActionMask = 2147483647;
			files = (
				0DC9BC2527286E1000882624 /* Preview Assets.xcassets in Resources */,
				0DC9BC2227286E1000882624 /* Assets.xcassets in Resources */,
			);
			runOnlyForDeploymentPostprocessing = 0;
		};
/* End PBXResourcesBuildPhase section */

/* Begin PBXSourcesBuildPhase section */
		0DC9BC1627286E0A00882624 /* Sources */ = {
			isa = PBXSourcesBuildPhase;
			buildActionMask = 2147483647;
			files = (
				0DFC54CE2729128D00881617 /* API.swift in Sources */,
				0DFC54C527290D0300881617 /* Cast.swift in Sources */,
				0D3A01C927318D7200B2AECF /* ImageCache.swift in Sources */,
				0D3A01C727318D0200B2AECF /* ImageLoader.swift in Sources */,
				0DFC54C32729081E00881617 /* Movie.swift in Sources */,
				0DFC54CC27290FAC00881617 /* NetworkManager.swift in Sources */,
				0DFC54C727290E0B00881617 /* Review.swift in Sources */,
				0DB09F5B2730BF160067831E /* MovieDownloadManager.swift in Sources */,
				0D3A01C527318B8100B2AECF /* MovieReviewManager.swift in Sources */,
				0DFC54BF2729043100881617 /* MoviesView.swift in Sources */,
				0D3A01CD273195ED00B2AECF /* AsyncImage.swift in Sources */,
				0DC9BC3027286FAF00882624 /* HomeTableView.swift in Sources */,
				0D3A01CB2731954800B2AECF /* EnvironmentValues+ImageCache.swift in Sources */,
				0DC9BC32272875B300882624 /* SettingsView.swift in Sources */,
				0DB09F592730BE050067831E /* MovieURL.swift in Sources */,
				0DC9BC2027286E0A00882624 /* ContentView.swift in Sources */,
				0DC9BC1E27286E0A00882624 /* Movie_TimeApp.swift in Sources */,
				0DFC54C12729044F00881617 /* DiscoverView.swift in Sources */,
			);
			runOnlyForDeploymentPostprocessing = 0;
		};
/* End PBXSourcesBuildPhase section */

/* Begin XCBuildConfiguration section */
		0DC9BC2627286E1000882624 /* Debug */ = {
			isa = XCBuildConfiguration;
			buildSettings = {
				ALWAYS_SEARCH_USER_PATHS = NO;
				CLANG_ANALYZER_NONNULL = YES;
				CLANG_ANALYZER_NUMBER_OBJECT_CONVERSION = YES_AGGRESSIVE;
				CLANG_CXX_LANGUAGE_STANDARD = "gnu++17";
				CLANG_CXX_LIBRARY = "libc++";
				CLANG_ENABLE_MODULES = YES;
				CLANG_ENABLE_OBJC_ARC = YES;
				CLANG_ENABLE_OBJC_WEAK = YES;
				CLANG_WARN_BLOCK_CAPTURE_AUTORELEASING = YES;
				CLANG_WARN_BOOL_CONVERSION = YES;
				CLANG_WARN_COMMA = YES;
				CLANG_WARN_CONSTANT_CONVERSION = YES;
				CLANG_WARN_DEPRECATED_OBJC_IMPLEMENTATIONS = YES;
				CLANG_WARN_DIRECT_OBJC_ISA_USAGE = YES_ERROR;
				CLANG_WARN_DOCUMENTATION_COMMENTS = YES;
				CLANG_WARN_EMPTY_BODY = YES;
				CLANG_WARN_ENUM_CONVERSION = YES;
				CLANG_WARN_INFINITE_RECURSION = YES;
				CLANG_WARN_INT_CONVERSION = YES;
				CLANG_WARN_NON_LITERAL_NULL_CONVERSION = YES;
				CLANG_WARN_OBJC_IMPLICIT_RETAIN_SELF = YES;
				CLANG_WARN_OBJC_LITERAL_CONVERSION = YES;
				CLANG_WARN_OBJC_ROOT_CLASS = YES_ERROR;
				CLANG_WARN_QUOTED_INCLUDE_IN_FRAMEWORK_HEADER = YES;
				CLANG_WARN_RANGE_LOOP_ANALYSIS = YES;
				CLANG_WARN_STRICT_PROTOTYPES = YES;
				CLANG_WARN_SUSPICIOUS_MOVE = YES;
				CLANG_WARN_UNGUARDED_AVAILABILITY = YES_AGGRESSIVE;
				CLANG_WARN_UNREACHABLE_CODE = YES;
				CLANG_WARN__DUPLICATE_METHOD_MATCH = YES;
				COPY_PHASE_STRIP = NO;
				DEBUG_INFORMATION_FORMAT = dwarf;
				ENABLE_STRICT_OBJC_MSGSEND = YES;
				ENABLE_TESTABILITY = YES;
				GCC_C_LANGUAGE_STANDARD = gnu11;
				GCC_DYNAMIC_NO_PIC = NO;
				GCC_NO_COMMON_BLOCKS = YES;
				GCC_OPTIMIZATION_LEVEL = 0;
				GCC_PREPROCESSOR_DEFINITIONS = (
					"DEBUG=1",
					"$(inherited)",
				);
				GCC_WARN_64_TO_32_BIT_CONVERSION = YES;
				GCC_WARN_ABOUT_RETURN_TYPE = YES_ERROR;
				GCC_WARN_UNDECLARED_SELECTOR = YES;
				GCC_WARN_UNINITIALIZED_AUTOS = YES_AGGRESSIVE;
				GCC_WARN_UNUSED_FUNCTION = YES;
				GCC_WARN_UNUSED_VARIABLE = YES;
				IPHONEOS_DEPLOYMENT_TARGET = 15.0;
				MTL_ENABLE_DEBUG_INFO = INCLUDE_SOURCE;
				MTL_FAST_MATH = YES;
				ONLY_ACTIVE_ARCH = YES;
				SDKROOT = iphoneos;
				SWIFT_ACTIVE_COMPILATION_CONDITIONS = DEBUG;
				SWIFT_OPTIMIZATION_LEVEL = "-Onone";
			};
			name = Debug;
		};
		0DC9BC2727286E1000882624 /* Release */ = {
			isa = XCBuildConfiguration;
			buildSettings = {
				ALWAYS_SEARCH_USER_PATHS = NO;
				CLANG_ANALYZER_NONNULL = YES;
				CLANG_ANALYZER_NUMBER_OBJECT_CONVERSION = YES_AGGRESSIVE;
				CLANG_CXX_LANGUAGE_STANDARD = "gnu++17";
				CLANG_CXX_LIBRARY = "libc++";
				CLANG_ENABLE_MODULES = YES;
				CLANG_ENABLE_OBJC_ARC = YES;
				CLANG_ENABLE_OBJC_WEAK = YES;
				CLANG_WARN_BLOCK_CAPTURE_AUTORELEASING = YES;
				CLANG_WARN_BOOL_CONVERSION = YES;
				CLANG_WARN_COMMA = YES;
				CLANG_WARN_CONSTANT_CONVERSION = YES;
				CLANG_WARN_DEPRECATED_OBJC_IMPLEMENTATIONS = YES;
				CLANG_WARN_DIRECT_OBJC_ISA_USAGE = YES_ERROR;
				CLANG_WARN_DOCUMENTATION_COMMENTS = YES;
				CLANG_WARN_EMPTY_BODY = YES;
				CLANG_WARN_ENUM_CONVERSION = YES;
				CLANG_WARN_INFINITE_RECURSION = YES;
				CLANG_WARN_INT_CONVERSION = YES;
				CLANG_WARN_NON_LITERAL_NULL_CONVERSION = YES;
				CLANG_WARN_OBJC_IMPLICIT_RETAIN_SELF = YES;
				CLANG_WARN_OBJC_LITERAL_CONVERSION = YES;
				CLANG_WARN_OBJC_ROOT_CLASS = YES_ERROR;
				CLANG_WARN_QUOTED_INCLUDE_IN_FRAMEWORK_HEADER = YES;
				CLANG_WARN_RANGE_LOOP_ANALYSIS = YES;
				CLANG_WARN_STRICT_PROTOTYPES = YES;
				CLANG_WARN_SUSPICIOUS_MOVE = YES;
				CLANG_WARN_UNGUARDED_AVAILABILITY = YES_AGGRESSIVE;
				CLANG_WARN_UNREACHABLE_CODE = YES;
				CLANG_WARN__DUPLICATE_METHOD_MATCH = YES;
				COPY_PHASE_STRIP = NO;
				DEBUG_INFORMATION_FORMAT = "dwarf-with-dsym";
				ENABLE_NS_ASSERTIONS = NO;
				ENABLE_STRICT_OBJC_MSGSEND = YES;
				GCC_C_LANGUAGE_STANDARD = gnu11;
				GCC_NO_COMMON_BLOCKS = YES;
				GCC_WARN_64_TO_32_BIT_CONVERSION = YES;
				GCC_WARN_ABOUT_RETURN_TYPE = YES_ERROR;
				GCC_WARN_UNDECLARED_SELECTOR = YES;
				GCC_WARN_UNINITIALIZED_AUTOS = YES_AGGRESSIVE;
				GCC_WARN_UNUSED_FUNCTION = YES;
				GCC_WARN_UNUSED_VARIABLE = YES;
				IPHONEOS_DEPLOYMENT_TARGET = 15.0;
				MTL_ENABLE_DEBUG_INFO = NO;
				MTL_FAST_MATH = YES;
				SDKROOT = iphoneos;
				SWIFT_COMPILATION_MODE = wholemodule;
				SWIFT_OPTIMIZATION_LEVEL = "-O";
				VALIDATE_PRODUCT = YES;
			};
			name = Release;
		};
		0DC9BC2927286E1000882624 /* Debug */ = {
			isa = XCBuildConfiguration;
			buildSettings = {
				ASSETCATALOG_COMPILER_APPICON_NAME = AppIcon;
				ASSETCATALOG_COMPILER_GLOBAL_ACCENT_COLOR_NAME = AccentColor;
				CODE_SIGN_STYLE = Automatic;
				CURRENT_PROJECT_VERSION = 1;
				DEVELOPMENT_ASSET_PATHS = "\"Movie Time/Preview Content\"";
				DEVELOPMENT_TEAM = 4Q3JZC8T8R;
				ENABLE_PREVIEWS = YES;
				GENERATE_INFOPLIST_FILE = YES;
				INFOPLIST_KEY_UIApplicationSceneManifest_Generation = YES;
				INFOPLIST_KEY_UIApplicationSupportsIndirectInputEvents = YES;
				INFOPLIST_KEY_UILaunchScreen_Generation = YES;
				INFOPLIST_KEY_UISupportedInterfaceOrientations_iPad = "UIInterfaceOrientationPortrait UIInterfaceOrientationPortraitUpsideDown UIInterfaceOrientationLandscapeLeft UIInterfaceOrientationLandscapeRight";
				INFOPLIST_KEY_UISupportedInterfaceOrientations_iPhone = "UIInterfaceOrientationPortrait UIInterfaceOrientationLandscapeLeft UIInterfaceOrientationLandscapeRight";
				IPHONEOS_DEPLOYMENT_TARGET = 14.0;
				LD_RUNPATH_SEARCH_PATHS = (
					"$(inherited)",
					"@executable_path/Frameworks",
				);
				MARKETING_VERSION = 1.0;
				PRODUCT_BUNDLE_IDENTIFIER = "ugsuzf.Movie-Time";
				PRODUCT_NAME = "$(TARGET_NAME)";
				SWIFT_EMIT_LOC_STRINGS = YES;
				SWIFT_VERSION = 5.0;
				TARGETED_DEVICE_FAMILY = "1,2";
			};
			name = Debug;
		};
		0DC9BC2A27286E1000882624 /* Release */ = {
			isa = XCBuildConfiguration;
			buildSettings = {
				ASSETCATALOG_COMPILER_APPICON_NAME = AppIcon;
				ASSETCATALOG_COMPILER_GLOBAL_ACCENT_COLOR_NAME = AccentColor;
				CODE_SIGN_STYLE = Automatic;
				CURRENT_PROJECT_VERSION = 1;
				DEVELOPMENT_ASSET_PATHS = "\"Movie Time/Preview Content\"";
				DEVELOPMENT_TEAM = 4Q3JZC8T8R;
				ENABLE_PREVIEWS = YES;
				GENERATE_INFOPLIST_FILE = YES;
				INFOPLIST_KEY_UIApplicationSceneManifest_Generation = YES;
				INFOPLIST_KEY_UIApplicationSupportsIndirectInputEvents = YES;
				INFOPLIST_KEY_UILaunchScreen_Generation = YES;
				INFOPLIST_KEY_UISupportedInterfaceOrientations_iPad = "UIInterfaceOrientationPortrait UIInterfaceOrientationPortraitUpsideDown UIInterfaceOrientationLandscapeLeft UIInterfaceOrientationLandscapeRight";
				INFOPLIST_KEY_UISupportedInterfaceOrientations_iPhone = "UIInterfaceOrientationPortrait UIInterfaceOrientationLandscapeLeft UIInterfaceOrientationLandscapeRight";
				IPHONEOS_DEPLOYMENT_TARGET = 14.0;
				LD_RUNPATH_SEARCH_PATHS = (
					"$(inherited)",
					"@executable_path/Frameworks",
				);
				MARKETING_VERSION = 1.0;
				PRODUCT_BUNDLE_IDENTIFIER = "ugsuzf.Movie-Time";
				PRODUCT_NAME = "$(TARGET_NAME)";
				SWIFT_EMIT_LOC_STRINGS = YES;
				SWIFT_VERSION = 5.0;
				TARGETED_DEVICE_FAMILY = "1,2";
			};
			name = Release;
		};
/* End XCBuildConfiguration section */

/* Begin XCConfigurationList section */
		0DC9BC1527286E0900882624 /* Build configuration list for PBXProject "Movie Time" */ = {
			isa = XCConfigurationList;
			buildConfigurations = (
				0DC9BC2627286E1000882624 /* Debug */,
				0DC9BC2727286E1000882624 /* Release */,
			);
			defaultConfigurationIsVisible = 0;
			defaultConfigurationName = Release;
		};
		0DC9BC2827286E1000882624 /* Build configuration list for PBXNativeTarget "Movie Time" */ = {
			isa = XCConfigurationList;
			buildConfigurations = (
				0DC9BC2927286E1000882624 /* Debug */,
				0DC9BC2A27286E1000882624 /* Release */,
			);
			defaultConfigurationIsVisible = 0;
			defaultConfigurationName = Release;
		};
/* End XCConfigurationList section */

/* Begin XCRemoteSwiftPackageReference section */
		0DFC54C827290F7E00881617 /* XCRemoteSwiftPackageReference "Alamofire" */ = {
			isa = XCRemoteSwiftPackageReference;
			repositoryURL = "https://github.com/Alamofire/Alamofire.git";
			requirement = {
				kind = upToNextMajorVersion;
				minimumVersion = 5.0.0;
			};
		};
/* End XCRemoteSwiftPackageReference section */

/* Begin XCSwiftPackageProductDependency section */
		0DFC54C927290F7F00881617 /* Alamofire */ = {
			isa = XCSwiftPackageProductDependency;
			package = 0DFC54C827290F7E00881617 /* XCRemoteSwiftPackageReference "Alamofire" */;
			productName = Alamofire;
		};
/* End XCSwiftPackageProductDependency section */
	};
	rootObject = 0DC9BC1227286E0900882624 /* Project object */;
}
